PODS:
  - Cosmos (8.0.2)
  - SDWebImage (4.0.0):
    - SDWebImage/Core (= 4.0.0)
  - SDWebImage/Core (4.0.0)
  - SwiftLint (0.16.1)
  - SwiftyJSON (3.1.4)

DEPENDENCIES:
  - Cosmos
  - SDWebImage
  - SwiftLint
  - SwiftyJSON

SPEC CHECKSUMS:
  Cosmos: 007c0b8e33a85e5363911bdd933571bbe221f7ef
  SDWebImage: 76a6348bdc74eb5a55dd08a091ef298e56b55e41
  SwiftLint: b8b683208cc09640898f16318a7a452274e91f61
  SwiftyJSON: c2842d878f95482ffceec5709abc3d05680c0220

PODFILE CHECKSUM: 794fc08cfb2b577d030579b2b0a469b61c55a2e9

COCOAPODS: 1.2.0
